
Microsoft Visual Studio Solution File, Format Version 12.00
Project("{FAE04EC0-301F-11D3-BF4B-00C04F79EFBC}") = "UrlEncoder", "UrlEncoder\UrlEncoder.csproj", "{540AD645-8787-4799-AB04-E7D1D425B69B}"
EndProject
Global
	GlobalSection(SolutionConfigurationPlatforms) = preSolution
		Debug|Any CPU = Debug|Any CPU
		Release|Any CPU = Release|Any CPU
	EndGlobalSection
	GlobalSection(ProjectConfigurationPlatforms) = postSolution
		{540AD645-8787-4799-AB04-E7D1D425B69B}.Debug|Any CPU.ActiveCfg = Debug|Any CPU
		{540AD645-8787-4799-AB04-E7D1D425B69B}.Debug|Any CPU.Build.0 = Debug|Any CPU
		{540AD645-8787-4799-AB04-E7D1D425B69B}.Release|Any CPU.ActiveCfg = Release|Any CPU
		{540AD645-8787-4799-AB04-E7D1D425B69B}.Release|Any CPU.Build.0 = Release|Any CPU
	EndGlobalSection
EndGlobal
